// !$*UTF8*$!
{
	archiveVersion = 1;
	classes = {
	};
	objectVersion = 46;
	objects = {

/* Begin PBXBuildFile section */
		D1105A9E1BB92F45004831F5 /* FBAudienceNetwork.framework in Frameworks */ = {isa = PBXBuildFile; fileRef = D1105A9A1BB92F45004831F5 /* FBAudienceNetwork.framework */; };
		D1105A9F1BB92F45004831F5 /* FBSDKCoreKit.framework in Frameworks */ = {isa = PBXBuildFile; fileRef = D1105A9B1BB92F45004831F5 /* FBSDKCoreKit.framework */; };
		D1105AA01BB92F45004831F5 /* FBSDKLoginKit.framework in Frameworks */ = {isa = PBXBuildFile; fileRef = D1105A9C1BB92F45004831F5 /* FBSDKLoginKit.framework */; };
		D1EDEA931BB3E3F300B6A886 /* main.m in Sources */ = {isa = PBXBuildFile; fileRef = D1EDEA921BB3E3F300B6A886 /* main.m */; };
		D1EDEA961BB3E3F300B6A886 /* AppDelegate.m in Sources */ = {isa = PBXBuildFile; fileRef = D1EDEA951BB3E3F300B6A886 /* AppDelegate.m */; };
		D1EDEA991BB3E3F400B6A886 /* ViewController.m in Sources */ = {isa = PBXBuildFile; fileRef = D1EDEA981BB3E3F400B6A886 /* ViewController.m */; };
		D1EDEA9C1BB3E3F400B6A886 /* Main.storyboard in Resources */ = {isa = PBXBuildFile; fileRef = D1EDEA9A1BB3E3F400B6A886 /* Main.storyboard */; };
		D1EDEA9E1BB3E3F400B6A886 /* Assets.xcassets in Resources */ = {isa = PBXBuildFile; fileRef = D1EDEA9D1BB3E3F400B6A886 /* Assets.xcassets */; };
		D1EDEAA11BB3E3F400B6A886 /* LaunchScreen.storyboard in Resources */ = {isa = PBXBuildFile; fileRef = D1EDEA9F1BB3E3F400B6A886 /* LaunchScreen.storyboard */; };
		D1EDEAAC1BB3E3F400B6A886 /* LoginFacebookTests.m in Sources */ = {isa = PBXBuildFile; fileRef = D1EDEAAB1BB3E3F400B6A886 /* LoginFacebookTests.m */; };
		D1EDEAB71BB3E3F400B6A886 /* LoginFacebookUITests.m in Sources */ = {isa = PBXBuildFile; fileRef = D1EDEAB61BB3E3F400B6A886 /* LoginFacebookUITests.m */; };
/* End PBXBuildFile section */

/* Begin PBXContainerItemProxy section */
		D1EDEAA81BB3E3F400B6A886 /* PBXContainerItemProxy */ = {
			isa = PBXContainerItemProxy;
			containerPortal = D1EDEA861BB3E3F300B6A886 /* Project object */;
			proxyType = 1;
			remoteGlobalIDString = D1EDEA8D1BB3E3F300B6A886;
			remoteInfo = LoginFacebook;
		};
		D1EDEAB31BB3E3F400B6A886 /* PBXContainerItemProxy */ = {
			isa = PBXContainerItemProxy;
			containerPortal = D1EDEA861BB3E3F300B6A886 /* Project object */;
			proxyType = 1;
			remoteGlobalIDString = D1EDEA8D1BB3E3F300B6A886;
			remoteInfo = LoginFacebook;
		};
/* End PBXContainerItemProxy section */

/* Begin PBXFileReference section */
		D1105A9A1BB92F45004831F5 /* FBAudienceNetwork.framework */ = {isa = PBXFileReference; lastKnownFileType = wrapper.framework; path = FBAudienceNetwork.framework; sourceTree = "<group>"; };
		D1105A9B1BB92F45004831F5 /* FBSDKCoreKit.framework */ = {isa = PBXFileReference; lastKnownFileType = wrapper.framework; path = FBSDKCoreKit.framework; sourceTree = "<group>"; };
		D1105A9C1BB92F45004831F5 /* FBSDKLoginKit.framework */ = {isa = PBXFileReference; lastKnownFileType = wrapper.framework; path = FBSDKLoginKit.framework; sourceTree = "<group>"; };
		D1EDEA8E1BB3E3F300B6A886 /* LoginFacebook.app */ = {isa = PBXFileReference; explicitFileType = wrapper.application; includeInIndex = 0; path = LoginFacebook.app; sourceTree = BUILT_PRODUCTS_DIR; };
		D1EDEA921BB3E3F300B6A886 /* main.m */ = {isa = PBXFileReference; lastKnownFileType = sourcecode.c.objc; path = main.m; sourceTree = "<group>"; };
		D1EDEA941BB3E3F300B6A886 /* AppDelegate.h */ = {isa = PBXFileReference; lastKnownFileType = sourcecode.c.h; path = AppDelegate.h; sourceTree = "<group>"; };
		D1EDEA951BB3E3F300B6A886 /* AppDelegate.m */ = {isa = PBXFileReference; lastKnownFileType = sourcecode.c.objc; path = AppDelegate.m; sourceTree = "<group>"; };
		D1EDEA971BB3E3F300B6A886 /* ViewController.h */ = {isa = PBXFileReference; lastKnownFileType = sourcecode.c.h; path = ViewController.h; sourceTree = "<group>"; };
		D1EDEA981BB3E3F400B6A886 /* ViewController.m */ = {isa = PBXFileReference; lastKnownFileType = sourcecode.c.objc; path = ViewController.m; sourceTree = "<group>"; };
		D1EDEA9B1BB3E3F400B6A886 /* Base */ = {isa = PBXFileReference; lastKnownFileType = file.storyboard; name = Base; path = Base.lproj/Main.storyboard; sourceTree = "<group>"; };
		D1EDEA9D1BB3E3F400B6A886 /* Assets.xcassets */ = {isa = PBXFileReference; lastKnownFileType = folder.assetcatalog; path = Assets.xcassets; sourceTree = "<group>"; };
		D1EDEAA01BB3E3F400B6A886 /* Base */ = {isa = PBXFileReference; lastKnownFileType = file.storyboard; name = Base; path = Base.lproj/LaunchScreen.storyboard; sourceTree = "<group>"; };
		D1EDEAA21BB3E3F400B6A886 /* Info.plist */ = {isa = PBXFileReference; lastKnownFileType = text.plist.xml; path = Info.plist; sourceTree = "<group>"; };
		D1EDEAA71BB3E3F400B6A886 /* LoginFacebookTests.xctest */ = {isa = PBXFileReference; explicitFileType = wrapper.cfbundle; includeInIndex = 0; path = LoginFacebookTests.xctest; sourceTree = BUILT_PRODUCTS_DIR; };
		D1EDEAAB1BB3E3F400B6A886 /* LoginFacebookTests.m */ = {isa = PBXFileReference; lastKnownFileType = sourcecode.c.objc; path = LoginFacebookTests.m; sourceTree = "<group>"; };
		D1EDEAAD1BB3E3F400B6A886 /* Info.plist */ = {isa = PBXFileReference; lastKnownFileType = text.plist.xml; path = Info.plist; sourceTree = "<group>"; };
		D1EDEAB21BB3E3F400B6A886 /* LoginFacebookUITests.xctest */ = {isa = PBXFileReference; explicitFileType = wrapper.cfbundle; includeInIndex = 0; path = LoginFacebookUITests.xctest; sourceTree = BUILT_PRODUCTS_DIR; };
		D1EDEAB61BB3E3F400B6A886 /* LoginFacebookUITests.m */ = {isa = PBXFileReference; lastKnownFileType = sourcecode.c.objc; path = LoginFacebookUITests.m; sourceTree = "<group>"; };
		D1EDEAB81BB3E3F400B6A886 /* Info.plist */ = {isa = PBXFileReference; lastKnownFileType = text.plist.xml; path = Info.plist; sourceTree = "<group>"; };
/* End PBXFileReference section */

/* Begin PBXFrameworksBuildPhase section */
		D1EDEA8B1BB3E3F300B6A886 /* Frameworks */ = {
			isa = PBXFrameworksBuildPhase;
			buildActionMask = 2147483647;
			files = (
				D1105A9E1BB92F45004831F5 /* FBAudienceNetwork.framework in Frameworks */,
				D1105A9F1BB92F45004831F5 /* FBSDKCoreKit.framework in Frameworks */,
				D1105AA01BB92F45004831F5 /* FBSDKLoginKit.framework in Frameworks */,
			);
			runOnlyForDeploymentPostprocessing = 0;
		};
		D1EDEAA41BB3E3F400B6A886 /* Frameworks */ = {
			isa = PBXFrameworksBuildPhase;
			buildActionMask = 2147483647;
			files = (
			);
			runOnlyForDeploymentPostprocessing = 0;
		};
		D1EDEAAF1BB3E3F400B6A886 /* Frameworks */ = {
			isa = PBXFrameworksBuildPhase;
			buildActionMask = 2147483647;
			files = (
			);
			runOnlyForDeploymentPostprocessing = 0;
		};
/* End PBXFrameworksBuildPhase section */

/* Begin PBXGroup section */
		D1105A951BB92CD4004831F5 /* Frameworks */ = {
			isa = PBXGroup;
			children = (
				D1105A9A1BB92F45004831F5 /* FBAudienceNetwork.framework */,
				D1105A9B1BB92F45004831F5 /* FBSDKCoreKit.framework */,
				D1105A9C1BB92F45004831F5 /* FBSDKLoginKit.framework */,
			);
			name = Frameworks;
			path = LoginFacebook/Frameworks;
			sourceTree = "<group>";
		};
		D1EDEA851BB3E3F300B6A886 = {
			isa = PBXGroup;
			children = (
				D1105A951BB92CD4004831F5 /* Frameworks */,
				D1EDEA901BB3E3F300B6A886 /* LoginFacebook */,
				D1EDEAAA1BB3E3F400B6A886 /* LoginFacebookTests */,
				D1EDEAB51BB3E3F400B6A886 /* LoginFacebookUITests */,
				D1EDEA8F1BB3E3F300B6A886 /* Products */,
			);
			sourceTree = "<group>";
		};
		D1EDEA8F1BB3E3F300B6A886 /* Products */ = {
			isa = PBXGroup;
			children = (
				D1EDEA8E1BB3E3F300B6A886 /* LoginFacebook.app */,
				D1EDEAA71BB3E3F400B6A886 /* LoginFacebookTests.xctest */,
				D1EDEAB21BB3E3F400B6A886 /* LoginFacebookUITests.xctest */,
			);
			name = Products;
			sourceTree = "<group>";
		};
		D1EDEA901BB3E3F300B6A886 /* LoginFacebook */ = {
			isa = PBXGroup;
			children = (
				D1EDEA941BB3E3F300B6A886 /* AppDelegate.h */,
				D1EDEA951BB3E3F300B6A886 /* AppDelegate.m */,
				D1EDEA971BB3E3F300B6A886 /* ViewController.h */,
				D1EDEA981BB3E3F400B6A886 /* ViewController.m */,
				D1EDEA9A1BB3E3F400B6A886 /* Main.storyboard */,
				D1EDEA9D1BB3E3F400B6A886 /* Assets.xcassets */,
				D1EDEA9F1BB3E3F400B6A886 /* LaunchScreen.storyboard */,
				D1EDEAA21BB3E3F400B6A886 /* Info.plist */,
				D1EDEA911BB3E3F300B6A886 /* Supporting Files */,
			);
			path = LoginFacebook;
			sourceTree = "<group>";
		};
		D1EDEA911BB3E3F300B6A886 /* Supporting Files */ = {
			isa = PBXGroup;
			children = (
				D1EDEA921BB3E3F300B6A886 /* main.m */,
			);
			name = "Supporting Files";
			sourceTree = "<group>";
		};
		D1EDEAAA1BB3E3F400B6A886 /* LoginFacebookTests */ = {
			isa = PBXGroup;
			children = (
				D1EDEAAB1BB3E3F400B6A886 /* LoginFacebookTests.m */,
				D1EDEAAD1BB3E3F400B6A886 /* Info.plist */,
			);
			path = LoginFacebookTests;
			sourceTree = "<group>";
		};
		D1EDEAB51BB3E3F400B6A886 /* LoginFacebookUITests */ = {
			isa = PBXGroup;
			children = (
				D1EDEAB61BB3E3F400B6A886 /* LoginFacebookUITests.m */,
				D1EDEAB81BB3E3F400B6A886 /* Info.plist */,
			);
			path = LoginFacebookUITests;
			sourceTree = "<group>";
		};
/* End PBXGroup section */

/* Begin PBXNativeTarget section */
		D1EDEA8D1BB3E3F300B6A886 /* LoginFacebook */ = {
			isa = PBXNativeTarget;
			buildConfigurationList = D1EDEABB1BB3E3F400B6A886 /* Build configuration list for PBXNativeTarget "LoginFacebook" */;
			buildPhases = (
				D1EDEA8A1BB3E3F300B6A886 /* Sources */,
				D1EDEA8B1BB3E3F300B6A886 /* Frameworks */,
				D1EDEA8C1BB3E3F300B6A886 /* Resources */,
			);
			buildRules = (
			);
			dependencies = (
			);
			name = LoginFacebook;
			productName = LoginFacebook;
			productReference = D1EDEA8E1BB3E3F300B6A886 /* LoginFacebook.app */;
			productType = "com.apple.product-type.application";
		};
		D1EDEAA61BB3E3F400B6A886 /* LoginFacebookTests */ = {
			isa = PBXNativeTarget;
			buildConfigurationList = D1EDEABE1BB3E3F400B6A886 /* Build configuration list for PBXNativeTarget "LoginFacebookTests" */;
			buildPhases = (
				D1EDEAA31BB3E3F400B6A886 /* Sources */,
				D1EDEAA41BB3E3F400B6A886 /* Frameworks */,
				D1EDEAA51BB3E3F400B6A886 /* Resources */,
			);
			buildRules = (
			);
			dependencies = (
				D1EDEAA91BB3E3F400B6A886 /* PBXTargetDependency */,
			);
			name = LoginFacebookTests;
			productName = LoginFacebookTests;
			productReference = D1EDEAA71BB3E3F400B6A886 /* LoginFacebookTests.xctest */;
			productType = "com.apple.product-type.bundle.unit-test";
		};
		D1EDEAB11BB3E3F400B6A886 /* LoginFacebookUITests */ = {
			isa = PBXNativeTarget;
			buildConfigurationList = D1EDEAC11BB3E3F400B6A886 /* Build configuration list for PBXNativeTarget "LoginFacebookUITests" */;
			buildPhases = (
				D1EDEAAE1BB3E3F400B6A886 /* Sources */,
				D1EDEAAF1BB3E3F400B6A886 /* Frameworks */,
				D1EDEAB01BB3E3F400B6A886 /* Resources */,
			);
			buildRules = (
			);
			dependencies = (
				D1EDEAB41BB3E3F400B6A886 /* PBXTargetDependency */,
			);
			name = LoginFacebookUITests;
			productName = LoginFacebookUITests;
			productReference = D1EDEAB21BB3E3F400B6A886 /* LoginFacebookUITests.xctest */;
			productType = "com.apple.product-type.bundle.ui-testing";
		};
/* End PBXNativeTarget section */

/* Begin PBXProject section */
		D1EDEA861BB3E3F300B6A886 /* Project object */ = {
			isa = PBXProject;
			attributes = {
				LastUpgradeCheck = 0700;
				ORGANIZATIONNAME = PROIMA;
				TargetAttributes = {
					D1EDEA8D1BB3E3F300B6A886 = {
						CreatedOnToolsVersion = 7.0;
						DevelopmentTeam = M88D8RZEZJ;
					};
					D1EDEAA61BB3E3F400B6A886 = {
						CreatedOnToolsVersion = 7.0;
						TestTargetID = D1EDEA8D1BB3E3F300B6A886;
					};
					D1EDEAB11BB3E3F400B6A886 = {
						CreatedOnToolsVersion = 7.0;
						TestTargetID = D1EDEA8D1BB3E3F300B6A886;
					};
				};
			};
			buildConfigurationList = D1EDEA891BB3E3F300B6A886 /* Build configuration list for PBXProject "LoginFacebook" */;
			compatibilityVersion = "Xcode 3.2";
			developmentRegion = English;
			hasScannedForEncodings = 0;
			knownRegions = (
				en,
				Base,
			);
			mainGroup = D1EDEA851BB3E3F300B6A886;
			productRefGroup = D1EDEA8F1BB3E3F300B6A886 /* Products */;
			projectDirPath = "";
			projectRoot = "";
			targets = (
				D1EDEA8D1BB3E3F300B6A886 /* LoginFacebook */,
				D1EDEAA61BB3E3F400B6A886 /* LoginFacebookTests */,
				D1EDEAB11BB3E3F400B6A886 /* LoginFacebookUITests */,
			);
		};
/* End PBXProject section */

/* Begin PBXResourcesBuildPhase section */
		D1EDEA8C1BB3E3F300B6A886 /* Resources */ = {
			isa = PBXResourcesBuildPhase;
			buildActionMask = 2147483647;
			files = (
				D1EDEAA11BB3E3F400B6A886 /* LaunchScreen.storyboard in Resources */,
				D1EDEA9E1BB3E3F400B6A886 /* Assets.xcassets in Resources */,
				D1EDEA9C1BB3E3F400B6A886 /* Main.storyboard in Resources */,
			);
			runOnlyForDeploymentPostprocessing = 0;
		};
		D1EDEAA51BB3E3F400B6A886 /* Resources */ = {
			isa = PBXResourcesBuildPhase;
			buildActionMask = 2147483647;
			files = (
			);
			runOnlyForDeploymentPostprocessing = 0;
		};
		D1EDEAB01BB3E3F400B6A886 /* Resources */ = {
			isa = PBXResourcesBuildPhase;
			buildActionMask = 2147483647;
			files = (
			);
			runOnlyForDeploymentPostprocessing = 0;
		};
/* End PBXResourcesBuildPhase section */

/* Begin PBXSourcesBuildPhase section */
		D1EDEA8A1BB3E3F300B6A886 /* Sources */ = {
			isa = PBXSourcesBuildPhase;
			buildActionMask = 2147483647;
			files = (
				D1EDEA991BB3E3F400B6A886 /* ViewController.m in Sources */,
				D1EDEA961BB3E3F300B6A886 /* AppDelegate.m in Sources */,
				D1EDEA931BB3E3F300B6A886 /* main.m in Sources */,
			);
			runOnlyForDeploymentPostprocessing = 0;
		};
		D1EDEAA31BB3E3F400B6A886 /* Sources */ = {
			isa = PBXSourcesBuildPhase;
			buildActionMask = 2147483647;
			files = (
				D1EDEAAC1BB3E3F400B6A886 /* LoginFacebookTests.m in Sources */,
			);
			runOnlyForDeploymentPostprocessing = 0;
		};
		D1EDEAAE1BB3E3F400B6A886 /* Sources */ = {
			isa = PBXSourcesBuildPhase;
			buildActionMask = 2147483647;
			files = (
				D1EDEAB71BB3E3F400B6A886 /* LoginFacebookUITests.m in Sources */,
			);
			runOnlyForDeploymentPostprocessing = 0;
		};
/* End PBXSourcesBuildPhase section */

/* Begin PBXTargetDependency section */
		D1EDEAA91BB3E3F400B6A886 /* PBXTargetDependency */ = {
			isa = PBXTargetDependency;
			target = D1EDEA8D1BB3E3F300B6A886 /* LoginFacebook */;
			targetProxy = D1EDEAA81BB3E3F400B6A886 /* PBXContainerItemProxy */;
		};
		D1EDEAB41BB3E3F400B6A886 /* PBXTargetDependency */ = {
			isa = PBXTargetDependency;
			target = D1EDEA8D1BB3E3F300B6A886 /* LoginFacebook */;
			targetProxy = D1EDEAB31BB3E3F400B6A886 /* PBXContainerItemProxy */;
		};
/* End PBXTargetDependency section */

/* Begin PBXVariantGroup section */
		D1EDEA9A1BB3E3F400B6A886 /* Main.storyboard */ = {
			isa = PBXVariantGroup;
			children = (
				D1EDEA9B1BB3E3F400B6A886 /* Base */,
			);
			name = Main.storyboard;
			sourceTree = "<group>";
		};
		D1EDEA9F1BB3E3F400B6A886 /* LaunchScreen.storyboard */ = {
			isa = PBXVariantGroup;
			children = (
				D1EDEAA01BB3E3F400B6A886 /* Base */,
			);
			name = LaunchScreen.storyboard;
			sourceTree = "<group>";
		};
/* End PBXVariantGroup section */

/* Begin XCBuildConfiguration section */
		D1EDEAB91BB3E3F400B6A886 /* Debug */ = {
			isa = XCBuildConfiguration;
			buildSettings = {
				ALWAYS_SEARCH_USER_PATHS = NO;
				CLANG_CXX_LANGUAGE_STANDARD = "gnu++0x";
				CLANG_CXX_LIBRARY = "libc++";
				CLANG_ENABLE_MODULES = YES;
				CLANG_ENABLE_OBJC_ARC = YES;
				CLANG_WARN_BOOL_CONVERSION = YES;
				CLANG_WARN_CONSTANT_CONVERSION = YES;
				CLANG_WARN_DIRECT_OBJC_ISA_USAGE = YES_ERROR;
				CLANG_WARN_EMPTY_BODY = YES;
				CLANG_WARN_ENUM_CONVERSION = YES;
				CLANG_WARN_INT_CONVERSION = YES;
				CLANG_WARN_OBJC_ROOT_CLASS = YES_ERROR;
				CLANG_WARN_UNREACHABLE_CODE = YES;
				CLANG_WARN__DUPLICATE_METHOD_MATCH = YES;
				"CODE_SIGN_IDENTITY[sdk=iphoneos*]" = "iPhone Developer";
				COPY_PHASE_STRIP = NO;
				DEBUG_INFORMATION_FORMAT = dwarf;
				ENABLE_STRICT_OBJC_MSGSEND = YES;
				ENABLE_TESTABILITY = YES;
				GCC_C_LANGUAGE_STANDARD = gnu99;
				GCC_DYNAMIC_NO_PIC = NO;
				GCC_NO_COMMON_BLOCKS = YES;
				GCC_OPTIMIZATION_LEVEL = 0;
				GCC_PREPROCESSOR_DEFINITIONS = (
					"DEBUG=1",
					"$(inherited)",
				);
				GCC_WARN_64_TO_32_BIT_CONVERSION = YES;
				GCC_WARN_ABOUT_RETURN_TYPE = YES_ERROR;
				GCC_WARN_UNDECLARED_SELECTOR = YES;
				GCC_WARN_UNINITIALIZED_AUTOS = YES_AGGRESSIVE;
				GCC_WARN_UNUSED_FUNCTION = YES;
				GCC_WARN_UNUSED_VARIABLE = YES;
				IPHONEOS_DEPLOYMENT_TARGET = 9.0;
				MTL_ENABLE_DEBUG_INFO = YES;
				ONLY_ACTIVE_ARCH = YES;
				SDKROOT = iphoneos;
			};
			name = Debug;
		};
		D1EDEABA1BB3E3F400B6A886 /* Release */ = {
			isa = XCBuildConfiguration;
			buildSettings = {
				ALWAYS_SEARCH_USER_PATHS = NO;
				CLANG_CXX_LANGUAGE_STANDARD = "gnu++0x";
				CLANG_CXX_LIBRARY = "libc++";
				CLANG_ENABLE_MODULES = YES;
				CLANG_ENABLE_OBJC_ARC = YES;
				CLANG_WARN_BOOL_CONVERSION = YES;
				CLANG_WARN_CONSTANT_CONVERSION = YES;
				CLANG_WARN_DIRECT_OBJC_ISA_USAGE = YES_ERROR;
				CLANG_WARN_EMPTY_BODY = YES;
				CLANG_WARN_ENUM_CONVERSION = YES;
				CLANG_WARN_INT_CONVERSION = YES;
				CLANG_WARN_OBJC_ROOT_CLASS = YES_ERROR;
				CLANG_WARN_UNREACHABLE_CODE = YES;
				CLANG_WARN__DUPLICATE_METHOD_MATCH = YES;
				"CODE_SIGN_IDENTITY[sdk=iphoneos*]" = "iPhone Developer";
				COPY_PHASE_STRIP = NO;
				DEBUG_INFORMATION_FORMAT = "dwarf-with-dsym";
				ENABLE_NS_ASSERTIONS = NO;
				ENABLE_STRICT_OBJC_MSGSEND = YES;
				GCC_C_LANGUAGE_STANDARD = gnu99;
				GCC_NO_COMMON_BLOCKS = YES;
				GCC_WARN_64_TO_32_BIT_CONVERSION = YES;
				GCC_WARN_ABOUT_RETURN_TYPE = YES_ERROR;
				GCC_WARN_UNDECLARED_SELECTOR = YES;
				GCC_WARN_UNINITIALIZED_AUTOS = YES_AGGRESSIVE;
				GCC_WARN_UNUSED_FUNCTION = YES;
				GCC_WARN_UNUSED_VARIABLE = YES;
				IPHONEOS_DEPLOYMENT_TARGET = 9.0;
				MTL_ENABLE_DEBUG_INFO = NO;
				SDKROOT = iphoneos;
				VALIDATE_PRODUCT = YES;
			};
			name = Release;
		};
		D1EDEABC1BB3E3F400B6A886 /* Debug */ = {
			isa = XCBuildConfiguration;
			buildSettings = {
				ASSETCATALOG_COMPILER_APPICON_NAME = AppIcon;
				CODE_SIGN_IDENTITY = "iPhone Developer";
				FRAMEWORK_SEARCH_PATHS = (
					"$(inherited)",
					"$(PROJECT_DIR)",
					"$(PROJECT_DIR)/LoginFacebook/Frameworks",
				);
				INFOPLIST_FILE = LoginFacebook/Info.plist;
				IPHONEOS_DEPLOYMENT_TARGET = 8.0;
				LD_RUNPATH_SEARCH_PATHS = "$(inherited) @executable_path/Frameworks";
				PRODUCT_BUNDLE_IDENTIFIER = es.tippingpoint.LoginFacebook;
				PRODUCT_NAME = "$(TARGET_NAME)";
			};
			name = Debug;
		};
		D1EDEABD1BB3E3F400B6A886 /* Release */ = {
			isa = XCBuildConfiguration;
			buildSettings = {
				ASSETCATALOG_COMPILER_APPICON_NAME = AppIcon;
				CODE_SIGN_IDENTITY = "iPhone Developer";
				FRAMEWORK_SEARCH_PATHS = (
					"$(inherited)",
					"$(PROJECT_DIR)",
					"$(PROJECT_DIR)/LoginFacebook/Frameworks",
				);
				INFOPLIST_FILE = LoginFacebook/Info.plist;
				IPHONEOS_DEPLOYMENT_TARGET = 8.0;
				LD_RUNPATH_SEARCH_PATHS = "$(inherited) @executable_path/Frameworks";
				PRODUCT_BUNDLE_IDENTIFIER = es.tippingpoint.LoginFacebook;
				PRODUCT_NAME = "$(TARGET_NAME)";
			};
			name = Release;
		};
		D1EDEABF1BB3E3F400B6A886 /* Debug */ = {
			isa = XCBuildConfiguration;
			buildSettings = {
				BUNDLE_LOADER = "$(TEST_HOST)";
				INFOPLIST_FILE = LoginFacebookTests/Info.plist;
				LD_RUNPATH_SEARCH_PATHS = "$(inherited) @executable_path/Frameworks @loader_path/Frameworks";
				PRODUCT_BUNDLE_IDENTIFIER = es.tippingpoint.LoginFacebookTests;
				PRODUCT_NAME = "$(TARGET_NAME)";
				TEST_HOST = "$(BUILT_PRODUCTS_DIR)/LoginFacebook.app/LoginFacebook";
			};
			name = Debug;
		};
		D1EDEAC01BB3E3F400B6A886 /* Release */ = {
			isa = XCBuildConfiguration;
			buildSettings = {
				BUNDLE_LOADER = "$(TEST_HOST)";
				INFOPLIST_FILE = LoginFacebookTests/Info.plist;
				LD_RUNPATH_SEARCH_PATHS = "$(inherited) @executable_path/Frameworks @loader_path/Frameworks";
				PRODUCT_BUNDLE_IDENTIFIER = es.tippingpoint.LoginFacebookTests;
				PRODUCT_NAME = "$(TARGET_NAME)";
				TEST_HOST = "$(BUILT_PRODUCTS_DIR)/LoginFacebook.app/LoginFacebook";
			};
			name = Release;
		};
		D1EDEAC21BB3E3F400B6A886 /* Debug */ = {
			isa = XCBuildConfiguration;
			buildSettings = {
				INFOPLIST_FILE = LoginFacebookUITests/Info.plist;
				LD_RUNPATH_SEARCH_PATHS = "$(inherited) @executable_path/Frameworks @loader_path/Frameworks";
				PRODUCT_BUNDLE_IDENTIFIER = es.tippingpoint.LoginFacebookUITests;
				PRODUCT_NAME = "$(TARGET_NAME)";
				TEST_TARGET_NAME = LoginFacebook;
				USES_XCTRUNNER = YES;
			};
			name = Debug;
		};
		D1EDEAC31BB3E3F400B6A886 /* Release */ = {
			isa = XCBuildConfiguration;
			buildSettings = {
				INFOPLIST_FILE = LoginFacebookUITests/Info.plist;
				LD_RUNPATH_SEARCH_PATHS = "$(inherited) @executable_path/Frameworks @loader_path/Frameworks";
				PRODUCT_BUNDLE_IDENTIFIER = es.tippingpoint.LoginFacebookUITests;
				PRODUCT_NAME = "$(TARGET_NAME)";
				TEST_TARGET_NAME = LoginFacebook;
				USES_XCTRUNNER = YES;
			};
			name = Release;
		};
/* End XCBuildConfiguration section */

/* Begin XCConfigurationList section */
		D1EDEA891BB3E3F300B6A886 /* Build configuration list for PBXProject "LoginFacebook" */ = {
			isa = XCConfigurationList;
			buildConfigurations = (
				D1EDEAB91BB3E3F400B6A886 /* Debug */,
				D1EDEABA1BB3E3F400B6A886 /* Release */,
			);
			defaultConfigurationIsVisible = 0;
			defaultConfigurationName = Release;
		};
		D1EDEABB1BB3E3F400B6A886 /* Build configuration list for PBXNativeTarget "LoginFacebook" */ = {
			isa = XCConfigurationList;
			buildConfigurations = (
				D1EDEABC1BB3E3F400B6A886 /* Debug */,
				D1EDEABD1BB3E3F400B6A886 /* Release */,
			);
			defaultConfigurationIsVisible = 0;
			defaultConfigurationName = Release;
		};
		D1EDEABE1BB3E3F400B6A886 /* Build configuration list for PBXNativeTarget "LoginFacebookTests" */ = {
			isa = XCConfigurationList;
			buildConfigurations = (
				D1EDEABF1BB3E3F400B6A886 /* Debug */,
				D1EDEAC01BB3E3F400B6A886 /* Release */,
			);
			defaultConfigurationIsVisible = 0;
			defaultConfigurationName = Release;
		};
		D1EDEAC11BB3E3F400B6A886 /* Build configuration list for PBXNativeTarget "LoginFacebookUITests" */ = {
			isa = XCConfigurationList;
			buildConfigurations = (
				D1EDEAC21BB3E3F400B6A886 /* Debug */,
				D1EDEAC31BB3E3F400B6A886 /* Release */,
			);
			defaultConfigurationIsVisible = 0;
			defaultConfigurationName = Release;
		};
/* End XCConfigurationList section */
	};
	rootObject = D1EDEA861BB3E3F300B6A886 /* Project object */;
}
